
Microsoft Visual Studio Solution File, Format Version 12.00
# Visual Studio Version 17
VisualStudioVersion = 17.10.34916.146
MinimumVisualStudioVersion = 10.0.40219.1
Project("{9A19103F-16F7-4668-BE54-9A1E7A4F7556}") = "back-end", "back-end\back-end.csproj", "{A1125420-798D-422B-B01F-6D711B70E413}"
EndProject
Project("{9A19103F-16F7-4668-BE54-9A1E7A4F7556}") = "Domain", "Domain\Domain.csproj", "{E290D360-7DA0-4C09-A315-95D5BC138097}"
EndProject
Global
	GlobalSection(SolutionConfigurationPlatforms) = preSolution
		Debug|Any CPU = Debug|Any CPU
		Release|Any CPU = Release|Any CPU
	EndGlobalSection
	GlobalSection(ProjectConfigurationPlatforms) = postSolution
		{A1125420-798D-422B-B01F-6D711B70E413}.Debug|Any CPU.ActiveCfg = Debug|Any CPU
		{A1125420-798D-422B-B01F-6D711B70E413}.Debug|Any CPU.Build.0 = Debug|Any CPU
		{A1125420-798D-422B-B01F-6D711B70E413}.Release|Any CPU.ActiveCfg = Release|Any CPU
		{A1125420-798D-422B-B01F-6D711B70E413}.Release|Any CPU.Build.0 = Release|Any CPU
		{E290D360-7DA0-4C09-A315-95D5BC138097}.Debug|Any CPU.ActiveCfg = Debug|Any CPU
		{E290D360-7DA0-4C09-A315-95D5BC138097}.Debug|Any CPU.Build.0 = Debug|Any CPU
		{E290D360-7DA0-4C09-A315-95D5BC138097}.Release|Any CPU.ActiveCfg = Release|Any CPU
		{E290D360-7DA0-4C09-A315-95D5BC138097}.Release|Any CPU.Build.0 = Release|Any CPU
	EndGlobalSection
	GlobalSection(SolutionProperties) = preSolution
		HideSolutionNode = FALSE
	EndGlobalSection
	GlobalSection(ExtensibilityGlobals) = postSolution
		SolutionGuid = {4FB40EF6-F580-4F47-9E2D-C90001CAFEA0}
	EndGlobalSection
EndGlobal
